
Microsoft Visual Studio Solution File, Format Version 12.00
# Visual Studio 14
VisualStudioVersion = 14.0.22609.0
MinimumVisualStudioVersion = 10.0.40219.1
Project("{FAE04EC0-301F-11D3-BF4B-00C04F79EFBC}") = "TheZtack.Web", "TheZtack.Web\TheZtack.Web.csproj", "{96D64A04-715A-477C-AC61-BA4180C22717}"
EndProject
Project("{FAE04EC0-301F-11D3-BF4B-00C04F79EFBC}") = "TheZtack.Database", "TheZtack.Database\TheZtack.Database.csproj", "{9B1A2F83-5909-4303-8480-1C091294ADA8}"
EndProject
Project("{FAE04EC0-301F-11D3-BF4B-00C04F79EFBC}") = "TheZtack.SearchEngine", "TheZtack.SearchEngine\TheZtack.SearchEngine.csproj", "{48DC9CC8-B916-4CA1-8A2D-816CC98A2A38}"
EndProject
Project("{FAE04EC0-301F-11D3-BF4B-00C04F79EFBC}") = "TheZtack.Data", "TheZtack.Data\TheZtack.Data.csproj", "{1F25149A-9A8E-44B1-B498-12EDF2AB53CB}"
EndProject
Global
	GlobalSection(SolutionConfigurationPlatforms) = preSolution
		Debug|Any CPU = Debug|Any CPU
		Release|Any CPU = Release|Any CPU
	EndGlobalSection
	GlobalSection(ProjectConfigurationPlatforms) = postSolution
		{96D64A04-715A-477C-AC61-BA4180C22717}.Debug|Any CPU.ActiveCfg = Debug|Any CPU
		{96D64A04-715A-477C-AC61-BA4180C22717}.Debug|Any CPU.Build.0 = Debug|Any CPU
		{96D64A04-715A-477C-AC61-BA4180C22717}.Release|Any CPU.ActiveCfg = Release|Any CPU
		{96D64A04-715A-477C-AC61-BA4180C22717}.Release|Any CPU.Build.0 = Release|Any CPU
		{9B1A2F83-5909-4303-8480-1C091294ADA8}.Debug|Any CPU.ActiveCfg = Debug|Any CPU
		{9B1A2F83-5909-4303-8480-1C091294ADA8}.Debug|Any CPU.Build.0 = Debug|Any CPU
		{9B1A2F83-5909-4303-8480-1C091294ADA8}.Release|Any CPU.ActiveCfg = Release|Any CPU
		{9B1A2F83-5909-4303-8480-1C091294ADA8}.Release|Any CPU.Build.0 = Release|Any CPU
		{48DC9CC8-B916-4CA1-8A2D-816CC98A2A38}.Debug|Any CPU.ActiveCfg = Debug|Any CPU
		{48DC9CC8-B916-4CA1-8A2D-816CC98A2A38}.Debug|Any CPU.Build.0 = Debug|Any CPU
		{48DC9CC8-B916-4CA1-8A2D-816CC98A2A38}.Release|Any CPU.ActiveCfg = Release|Any CPU
		{48DC9CC8-B916-4CA1-8A2D-816CC98A2A38}.Release|Any CPU.Build.0 = Release|Any CPU
		{1F25149A-9A8E-44B1-B498-12EDF2AB53CB}.Debug|Any CPU.ActiveCfg = Debug|Any CPU
		{1F25149A-9A8E-44B1-B498-12EDF2AB53CB}.Debug|Any CPU.Build.0 = Debug|Any CPU
		{1F25149A-9A8E-44B1-B498-12EDF2AB53CB}.Release|Any CPU.ActiveCfg = Release|Any CPU
		{1F25149A-9A8E-44B1-B498-12EDF2AB53CB}.Release|Any CPU.Build.0 = Release|Any CPU
	EndGlobalSection
	GlobalSection(SolutionProperties) = preSolution
		HideSolutionNode = FALSE
	EndGlobalSection
EndGlobal
