
Microsoft Visual Studio Solution File, Format Version 12.00
# Visual Studio 2013
VisualStudioVersion = 12.0.31101.0
MinimumVisualStudioVersion = 10.0.40219.1
Project("{FAE04EC0-301F-11D3-BF4B-00C04F79EFBC}") = "Yak.Web", "Yak.Web\Yak.Web.csproj", "{96D64A04-715A-477C-AC61-BA4180C22717}"
EndProject
Project("{FAE04EC0-301F-11D3-BF4B-00C04F79EFBC}") = "Yak.Database", "Yak.Database\Yak.Database.csproj", "{9B1A2F83-5909-4303-8480-1C091294ADA8}"
EndProject
Project("{FAE04EC0-301F-11D3-BF4B-00C04F79EFBC}") = "Yak.SearchEngine", "Yak.SearchEngine\Yak.SearchEngine.csproj", "{48DC9CC8-B916-4CA1-8A2D-816CC98A2A38}"
EndProject
Project("{FAE04EC0-301F-11D3-BF4B-00C04F79EFBC}") = "Yak.Services", "Yak.Services\Yak.Services.csproj", "{4A320C6B-2CD6-4ADD-99F1-AB99B03F2620}"
EndProject
Project("{FAE04EC0-301F-11D3-BF4B-00C04F79EFBC}") = "Yak.DTO", "Yak.DTO\Yak.DTO.csproj", "{1940AB2E-AE31-4FFB-A6E0-8284936F828B}"
EndProject
Global
	GlobalSection(SolutionConfigurationPlatforms) = preSolution
		Debug|Any CPU = Debug|Any CPU
		Release|Any CPU = Release|Any CPU
	EndGlobalSection
	GlobalSection(ProjectConfigurationPlatforms) = postSolution
		{96D64A04-715A-477C-AC61-BA4180C22717}.Debug|Any CPU.ActiveCfg = Debug|Any CPU
		{96D64A04-715A-477C-AC61-BA4180C22717}.Debug|Any CPU.Build.0 = Debug|Any CPU
		{96D64A04-715A-477C-AC61-BA4180C22717}.Release|Any CPU.ActiveCfg = Release|Any CPU
		{96D64A04-715A-477C-AC61-BA4180C22717}.Release|Any CPU.Build.0 = Release|Any CPU
		{9B1A2F83-5909-4303-8480-1C091294ADA8}.Debug|Any CPU.ActiveCfg = Debug|Any CPU
		{9B1A2F83-5909-4303-8480-1C091294ADA8}.Debug|Any CPU.Build.0 = Debug|Any CPU
		{9B1A2F83-5909-4303-8480-1C091294ADA8}.Release|Any CPU.ActiveCfg = Release|Any CPU
		{9B1A2F83-5909-4303-8480-1C091294ADA8}.Release|Any CPU.Build.0 = Release|Any CPU
		{48DC9CC8-B916-4CA1-8A2D-816CC98A2A38}.Debug|Any CPU.ActiveCfg = Debug|Any CPU
		{48DC9CC8-B916-4CA1-8A2D-816CC98A2A38}.Debug|Any CPU.Build.0 = Debug|Any CPU
		{48DC9CC8-B916-4CA1-8A2D-816CC98A2A38}.Release|Any CPU.ActiveCfg = Release|Any CPU
		{48DC9CC8-B916-4CA1-8A2D-816CC98A2A38}.Release|Any CPU.Build.0 = Release|Any CPU
		{4A320C6B-2CD6-4ADD-99F1-AB99B03F2620}.Debug|Any CPU.ActiveCfg = Debug|Any CPU
		{4A320C6B-2CD6-4ADD-99F1-AB99B03F2620}.Debug|Any CPU.Build.0 = Debug|Any CPU
		{4A320C6B-2CD6-4ADD-99F1-AB99B03F2620}.Release|Any CPU.ActiveCfg = Release|Any CPU
		{4A320C6B-2CD6-4ADD-99F1-AB99B03F2620}.Release|Any CPU.Build.0 = Release|Any CPU
		{1940AB2E-AE31-4FFB-A6E0-8284936F828B}.Debug|Any CPU.ActiveCfg = Debug|Any CPU
		{1940AB2E-AE31-4FFB-A6E0-8284936F828B}.Debug|Any CPU.Build.0 = Debug|Any CPU
		{1940AB2E-AE31-4FFB-A6E0-8284936F828B}.Release|Any CPU.ActiveCfg = Release|Any CPU
		{1940AB2E-AE31-4FFB-A6E0-8284936F828B}.Release|Any CPU.Build.0 = Release|Any CPU
	EndGlobalSection
	GlobalSection(SolutionProperties) = preSolution
		HideSolutionNode = FALSE
	EndGlobalSection
EndGlobal
